
Microsoft Visual Studio Solution File, Format Version 12.00
# Visual Studio Version 17
VisualStudioVersion = 17.13.35825.156 d17.13
MinimumVisualStudioVersion = 10.0.40219.1
Project("{2150E333-8FDC-42A3-9474-1A3956D46DE8}") = "Application", "Application", "{02EA681E-C7D8-13C7-8484-4AC65E1B71E8}"
EndProject
Project("{2150E333-8FDC-42A3-9474-1A3956D46DE8}") = "Presentation", "Presentation", "{DE0E48C8-E6C0-4E6F-B47F-C4CC48961D66}"
EndProject
Project("{FAE04EC0-301F-11D3-BF4B-00C04F79EFBC}") = "DispenstOfMoneyAutomatic_Basic.Application", "CajeroAutomatico_basico.Application\DispenstOfMoneyAutomatic_Basic.Application.csproj", "{BA6167A6-C3E3-4839-A23C-A96FDC5D4E5A}"
EndProject
Project("{FAE04EC0-301F-11D3-BF4B-00C04F79EFBC}") = "DispenstOfMoneyAutomatic_Basic.Presetation", "DispenstOfMoneyAutomatic_Basic.Presetation\DispenstOfMoneyAutomatic_Basic.Presetation.csproj", "{227FDCFB-2624-47A8-B92D-EFE95B6ECDAA}"
EndProject
Global
	GlobalSection(SolutionConfigurationPlatforms) = preSolution
		Debug|Any CPU = Debug|Any CPU
		Release|Any CPU = Release|Any CPU
	EndGlobalSection
	GlobalSection(ProjectConfigurationPlatforms) = postSolution
		{BA6167A6-C3E3-4839-A23C-A96FDC5D4E5A}.Debug|Any CPU.ActiveCfg = Debug|Any CPU
		{BA6167A6-C3E3-4839-A23C-A96FDC5D4E5A}.Debug|Any CPU.Build.0 = Debug|Any CPU
		{BA6167A6-C3E3-4839-A23C-A96FDC5D4E5A}.Release|Any CPU.ActiveCfg = Release|Any CPU
		{BA6167A6-C3E3-4839-A23C-A96FDC5D4E5A}.Release|Any CPU.Build.0 = Release|Any CPU
		{227FDCFB-2624-47A8-B92D-EFE95B6ECDAA}.Debug|Any CPU.ActiveCfg = Debug|Any CPU
		{227FDCFB-2624-47A8-B92D-EFE95B6ECDAA}.Debug|Any CPU.Build.0 = Debug|Any CPU
		{227FDCFB-2624-47A8-B92D-EFE95B6ECDAA}.Release|Any CPU.ActiveCfg = Release|Any CPU
		{227FDCFB-2624-47A8-B92D-EFE95B6ECDAA}.Release|Any CPU.Build.0 = Release|Any CPU
	EndGlobalSection
	GlobalSection(SolutionProperties) = preSolution
		HideSolutionNode = FALSE
	EndGlobalSection
	GlobalSection(NestedProjects) = preSolution
		{BA6167A6-C3E3-4839-A23C-A96FDC5D4E5A} = {02EA681E-C7D8-13C7-8484-4AC65E1B71E8}
		{227FDCFB-2624-47A8-B92D-EFE95B6ECDAA} = {DE0E48C8-E6C0-4E6F-B47F-C4CC48961D66}
	EndGlobalSection
	GlobalSection(ExtensibilityGlobals) = postSolution
		SolutionGuid = {B3C1C963-0D19-4C81-8C21-94DA7383E21B}
	EndGlobalSection
EndGlobal
